{
  "name": "simhospital-medplum-bot",
  "version": "1.0.0",
  "lockfileVersion": 3,
  "requires": true,
  "packages": {
    "": {
      "name": "simhospital-medplum-bot",
      "version": "1.0.0",
      "devDependencies": {
        "@medplum/core": "^5.1.13",
        "@medplum/fhirtypes": "^5.1.13",
        "typescript": "^5.4.5"
      }
    },
    "node_modules/@medplum/core": {
      "version": "5.1.13",
      "resolved": "https://registry.npmjs.org/@medplum/core/-/core-5.1.13.tgz",
      "integrity": "sha512-oGd6dy6n6wEJ7K/SO7/LUWlyFYyuw0RiMfoE1CFsjhm3sUlhP/Kh2HS2UHwSlIN3jxkmaWFJGwObSBF1QiQBkg==",
      "dev": true,
      "license": "Apache-2.0",
      "engines": {
        "node": "^22.18.0 || >=24.2.0"
      },
      "peerDependencies": {
        "pdfmake": "^0.2.5"
      },
      "peerDependenciesMeta": {
        "pdfmake": {
          "optional": true
        }
      }
    },
    "node_modules/@medplum/fhirtypes": {
      "version": "5.1.13",
      "resolved": "https://registry.npmjs.org/@medplum/fhirtypes/-/fhirtypes-5.1.13.tgz",
      "integrity": "sha512-7W5o4BprB/4hGaesRljAsdMPFRzM/Lsgic3DnNoOvvx9LCoOoy2C5NT4u4FjmQ8wjuvn+Mvmz5SPtJlW29skvA==",
      "dev": true,
      "license": "Apache-2.0",
      "engines": {
        "node": "^22.18.0 || >=24.2.0"
      }
    },
    "node_modules/typescript": {
      "version": "5.9.3",
      "resolved": "https://registry.npmjs.org/typescript/-/typescript-5.9.3.tgz",
      "integrity": "sha512-jl1vZzPDinLr9eUt3J/t7V6FgNEw9QjvBPdysz9KfQDD41fQrC2Y4vKQdiaUpFT4bXlb1RHhLpp8wtm6M5TgSw==",
      "dev": true,
      "license": "Apache-2.0",
      "bin": {
        "tsc": "bin/tsc",
        "tsserver": "bin/tsserver"
      },
      "engines": {
        "node": ">=14.17"
      }
    }
  }
}
